schema: '2.0'
stages:
  download:
    cmd: python3 ass_3/src/download.py
    deps:
    - path: ass_3/src/download.py
      hash: md5
      md5: 4bd997c0c366ab2c7892fd3b90b0aff0
      size: 5645
    params:
      params.yaml:
        download.n_loc: 3
        download.year: 2023
    outs:
    - path: ass_3/data/
      hash: md5
      md5: 592eb61e3a1ac7555ceb710c11ab5072.dir
      size: 26219663
      nfiles: 3
  prepare:
    cmd: python3 ass_3/src/prepare.py ass_3/data/
    deps:
    - path: ass_3/data/
      hash: md5
      md5: 592eb61e3a1ac7555ceb710c11ab5072.dir
      size: 26219663
      nfiles: 3
    - path: ass_3/src/prepare.py
      hash: md5
      md5: ada6de9c9a7986d66d13adb53e8135ef
      size: 3269
    outs:
    - path: ass_3/prepared
      hash: md5
      md5: 458d3c864d618b534d2807dcdc183ef0.dir
      size: 317
      nfiles: 2
  process:
    cmd: python3 ass_3/src/process.py ass_3/data/ ass_3/prepared/
    deps:
    - path: ass_3/data/
      hash: md5
      md5: 592eb61e3a1ac7555ceb710c11ab5072.dir
      size: 26219663
      nfiles: 3
    - path: ass_3/prepared/
      hash: md5
      md5: 458d3c864d618b534d2807dcdc183ef0.dir
      size: 317
      nfiles: 2
    - path: ass_3/src/process.py
      hash: md5
      md5: 590cfdf2383a605d6c11613da44f2ff8
      size: 2986
    outs:
    - path: ass_3/computed
      hash: md5
      md5: 478633418b05daa63f10bd20ff767e8f.dir
      size: 683
      nfiles: 1
  evaluate:
    cmd: python3 ass_3/src/evaluate.py ass_3/prepared/ ass_3/computed/
    deps:
    - path: ass_3/computed/
      hash: md5
      md5: 478633418b05daa63f10bd20ff767e8f.dir
      size: 683
      nfiles: 1
    - path: ass_3/prepared/
      hash: md5
      md5: 458d3c864d618b534d2807dcdc183ef0.dir
      size: 317
      nfiles: 2
    - path: ass_3/src/evaluate.py
      hash: md5
      md5: b36e7a95cc66a2bbd937e7c8d2cc9c15
      size: 2605
    outs:
    - path: ass_3/evaluated
      hash: md5
      md5: f1b9822b31dab3c3098b900a6e675a4a.dir
      size: 59
      nfiles: 1
